// !$*UTF8*$!
{
	archiveVersion = 1;
	classes = {
	};
	objectVersion = 55;
	objects = {

/* Begin PBXBuildFile section */
		2F164D1128B946E600B56ACC /* ILoveGreeceApp.swift in Sources */ = {isa = PBXBuildFile; fileRef = 2F164D1028B946E600B56ACC /* ILoveGreeceApp.swift */; };
		2F164D1328B946E600B56ACC /* ContentView.swift in Sources */ = {isa = PBXBuildFile; fileRef = 2F164D1228B946E600B56ACC /* ContentView.swift */; };
		2F164D1528B946E900B56ACC /* Assets.xcassets in Resources */ = {isa = PBXBuildFile; fileRef = 2F164D1428B946E900B56ACC /* Assets.xcassets */; };
		2F164D1828B946E900B56ACC /* Preview Assets.xcassets in Resources */ = {isa = PBXBuildFile; fileRef = 2F164D1728B946E900B56ACC /* Preview Assets.xcassets */; };
		2F164D1F28B94A5D00B56ACC /* BackgroundView.swift in Sources */ = {isa = PBXBuildFile; fileRef = 2F164D1E28B94A5D00B56ACC /* BackgroundView.swift */; };
		2F164D2128B94D0500B56ACC /* TextView.swift in Sources */ = {isa = PBXBuildFile; fileRef = 2F164D2028B94D0500B56ACC /* TextView.swift */; };
		2F164D2328B94ED700B56ACC /* ProfilePictureView.swift in Sources */ = {isa = PBXBuildFile; fileRef = 2F164D2228B94ED700B56ACC /* ProfilePictureView.swift */; };
		2F164D2528B951E300B56ACC /* AvisView.swift in Sources */ = {isa = PBXBuildFile; fileRef = 2F164D2428B951E300B56ACC /* AvisView.swift */; };
		2F164D2728B954F600B56ACC /* CircleImageView.swift in Sources */ = {isa = PBXBuildFile; fileRef = 2F164D2628B954F600B56ACC /* CircleImageView.swift */; };
		2F164D2928B9569800B56ACC /* DescriptionTextView.swift in Sources */ = {isa = PBXBuildFile; fileRef = 2F164D2828B9569800B56ACC /* DescriptionTextView.swift */; };
/* End PBXBuildFile section */

/* Begin PBXFileReference section */
		2F164D0D28B946E600B56ACC /* ILoveGreece.app */ = {isa = PBXFileReference; explicitFileType = wrapper.application; includeInIndex = 0; path = ILoveGreece.app; sourceTree = BUILT_PRODUCTS_DIR; };
		2F164D1028B946E600B56ACC /* ILoveGreeceApp.swift */ = {isa = PBXFileReference; lastKnownFileType = sourcecode.swift; path = ILoveGreeceApp.swift; sourceTree = "<group>"; };
		2F164D1228B946E600B56ACC /* ContentView.swift */ = {isa = PBXFileReference; lastKnownFileType = sourcecode.swift; path = ContentView.swift; sourceTree = "<group>"; };
		2F164D1428B946E900B56ACC /* Assets.xcassets */ = {isa = PBXFileReference; lastKnownFileType = folder.assetcatalog; path = Assets.xcassets; sourceTree = "<group>"; };
		2F164D1728B946E900B56ACC /* Preview Assets.xcassets */ = {isa = PBXFileReference; lastKnownFileType = folder.assetcatalog; path = "Preview Assets.xcassets"; sourceTree = "<group>"; };
		2F164D1E28B94A5D00B56ACC /* BackgroundView.swift */ = {isa = PBXFileReference; lastKnownFileType = sourcecode.swift; path = BackgroundView.swift; sourceTree = "<group>"; };
		2F164D2028B94D0500B56ACC /* TextView.swift */ = {isa = PBXFileReference; lastKnownFileType = sourcecode.swift; path = TextView.swift; sourceTree = "<group>"; };
		2F164D2228B94ED700B56ACC /* ProfilePictureView.swift */ = {isa = PBXFileReference; lastKnownFileType = sourcecode.swift; path = ProfilePictureView.swift; sourceTree = "<group>"; };
		2F164D2428B951E300B56ACC /* AvisView.swift */ = {isa = PBXFileReference; lastKnownFileType = sourcecode.swift; path = AvisView.swift; sourceTree = "<group>"; };
		2F164D2628B954F600B56ACC /* CircleImageView.swift */ = {isa = PBXFileReference; lastKnownFileType = sourcecode.swift; path = CircleImageView.swift; sourceTree = "<group>"; };
		2F164D2828B9569800B56ACC /* DescriptionTextView.swift */ = {isa = PBXFileReference; lastKnownFileType = sourcecode.swift; path = DescriptionTextView.swift; sourceTree = "<group>"; };
/* End PBXFileReference section */

/* Begin PBXFrameworksBuildPhase section */
		2F164D0A28B946E600B56ACC /* Frameworks */ = {
			isa = PBXFrameworksBuildPhase;
			buildActionMask = 2147483647;
			files = (
			);
			runOnlyForDeploymentPostprocessing = 0;
		};
/* End PBXFrameworksBuildPhase section */

/* Begin PBXGroup section */
		2F164D0428B946E600B56ACC = {
			isa = PBXGroup;
			children = (
				2F164D0F28B946E600B56ACC /* ILoveGreece */,
				2F164D0E28B946E600B56ACC /* Products */,
			);
			sourceTree = "<group>";
		};
		2F164D0E28B946E600B56ACC /* Products */ = {
			isa = PBXGroup;
			children = (
				2F164D0D28B946E600B56ACC /* ILoveGreece.app */,
			);
			name = Products;
			sourceTree = "<group>";
		};
		2F164D0F28B946E600B56ACC /* ILoveGreece */ = {
			isa = PBXGroup;
			children = (
				2F164D1028B946E600B56ACC /* ILoveGreeceApp.swift */,
				2F164D1228B946E600B56ACC /* ContentView.swift */,
				2F164D2628B954F600B56ACC /* CircleImageView.swift */,
				2F164D1E28B94A5D00B56ACC /* BackgroundView.swift */,
				2F164D2428B951E300B56ACC /* AvisView.swift */,
				2F164D2228B94ED700B56ACC /* ProfilePictureView.swift */,
				2F164D2828B9569800B56ACC /* DescriptionTextView.swift */,
				2F164D2028B94D0500B56ACC /* TextView.swift */,
				2F164D1428B946E900B56ACC /* Assets.xcassets */,
				2F164D1628B946E900B56ACC /* Preview Content */,
			);
			path = ILoveGreece;
			sourceTree = "<group>";
		};
		2F164D1628B946E900B56ACC /* Preview Content */ = {
			isa = PBXGroup;
			children = (
				2F164D1728B946E900B56ACC /* Preview Assets.xcassets */,
			);
			path = "Preview Content";
			sourceTree = "<group>";
		};
/* End PBXGroup section */

/* Begin PBXNativeTarget section */
		2F164D0C28B946E600B56ACC /* ILoveGreece */ = {
			isa = PBXNativeTarget;
			buildConfigurationList = 2F164D1B28B946E900B56ACC /* Build configuration list for PBXNativeTarget "ILoveGreece" */;
			buildPhases = (
				2F164D0928B946E600B56ACC /* Sources */,
				2F164D0A28B946E600B56ACC /* Frameworks */,
				2F164D0B28B946E600B56ACC /* Resources */,
			);
			buildRules = (
			);
			dependencies = (
			);
			name = ILoveGreece;
			productName = ILoveGreece;
			productReference = 2F164D0D28B946E600B56ACC /* ILoveGreece.app */;
			productType = "com.apple.product-type.application";
		};
/* End PBXNativeTarget section */

/* Begin PBXProject section */
		2F164D0528B946E600B56ACC /* Project object */ = {
			isa = PBXProject;
			attributes = {
				BuildIndependentTargetsInParallel = 1;
				LastSwiftUpdateCheck = 1340;
				LastUpgradeCheck = 1340;
				TargetAttributes = {
					2F164D0C28B946E600B56ACC = {
						CreatedOnToolsVersion = 13.4.1;
					};
				};
			};
			buildConfigurationList = 2F164D0828B946E600B56ACC /* Build configuration list for PBXProject "ILoveGreece" */;
			compatibilityVersion = "Xcode 13.0";
			developmentRegion = en;
			hasScannedForEncodings = 0;
			knownRegions = (
				en,
				Base,
			);
			mainGroup = 2F164D0428B946E600B56ACC;
			productRefGroup = 2F164D0E28B946E600B56ACC /* Products */;
			projectDirPath = "";
			projectRoot = "";
			targets = (
				2F164D0C28B946E600B56ACC /* ILoveGreece */,
			);
		};
/* End PBXProject section */

/* Begin PBXResourcesBuildPhase section */
		2F164D0B28B946E600B56ACC /* Resources */ = {
			isa = PBXResourcesBuildPhase;
			buildActionMask = 2147483647;
			files = (
				2F164D1828B946E900B56ACC /* Preview Assets.xcassets in Resources */,
				2F164D1528B946E900B56ACC /* Assets.xcassets in Resources */,
			);
			runOnlyForDeploymentPostprocessing = 0;
		};
/* End PBXResourcesBuildPhase section */

/* Begin PBXSourcesBuildPhase section */
		2F164D0928B946E600B56ACC /* Sources */ = {
			isa = PBXSourcesBuildPhase;
			buildActionMask = 2147483647;
			files = (
				2F164D2928B9569800B56ACC /* DescriptionTextView.swift in Sources */,
				2F164D1F28B94A5D00B56ACC /* BackgroundView.swift in Sources */,
				2F164D2128B94D0500B56ACC /* TextView.swift in Sources */,
				2F164D2728B954F600B56ACC /* CircleImageView.swift in Sources */,
				2F164D1328B946E600B56ACC /* ContentView.swift in Sources */,
				2F164D2528B951E300B56ACC /* AvisView.swift in Sources */,
				2F164D1128B946E600B56ACC /* ILoveGreeceApp.swift in Sources */,
				2F164D2328B94ED700B56ACC /* ProfilePictureView.swift in Sources */,
			);
			runOnlyForDeploymentPostprocessing = 0;
		};
/* End PBXSourcesBuildPhase section */

/* Begin XCBuildConfiguration section */
		2F164D1928B946E900B56ACC /* Debug */ = {
			isa = XCBuildConfiguration;
			buildSettings = {
				ALWAYS_SEARCH_USER_PATHS = NO;
				CLANG_ANALYZER_NONNULL = YES;
				CLANG_ANALYZER_NUMBER_OBJECT_CONVERSION = YES_AGGRESSIVE;
				CLANG_CXX_LANGUAGE_STANDARD = "gnu++17";
				CLANG_ENABLE_MODULES = YES;
				CLANG_ENABLE_OBJC_ARC = YES;
				CLANG_ENABLE_OBJC_WEAK = YES;
				CLANG_WARN_BLOCK_CAPTURE_AUTORELEASING = YES;
				CLANG_WARN_BOOL_CONVERSION = YES;
				CLANG_WARN_COMMA = YES;
				CLANG_WARN_CONSTANT_CONVERSION = YES;
				CLANG_WARN_DEPRECATED_OBJC_IMPLEMENTATIONS = YES;
				CLANG_WARN_DIRECT_OBJC_ISA_USAGE = YES_ERROR;
				CLANG_WARN_DOCUMENTATION_COMMENTS = YES;
				CLANG_WARN_EMPTY_BODY = YES;
				CLANG_WARN_ENUM_CONVERSION = YES;
				CLANG_WARN_INFINITE_RECURSION = YES;
				CLANG_WARN_INT_CONVERSION = YES;
				CLANG_WARN_NON_LITERAL_NULL_CONVERSION = YES;
				CLANG_WARN_OBJC_IMPLICIT_RETAIN_SELF = YES;
				CLANG_WARN_OBJC_LITERAL_CONVERSION = YES;
				CLANG_WARN_OBJC_ROOT_CLASS = YES_ERROR;
				CLANG_WARN_QUOTED_INCLUDE_IN_FRAMEWORK_HEADER = YES;
				CLANG_WARN_RANGE_LOOP_ANALYSIS = YES;
				CLANG_WARN_STRICT_PROTOTYPES = YES;
				CLANG_WARN_SUSPICIOUS_MOVE = YES;
				CLANG_WARN_UNGUARDED_AVAILABILITY = YES_AGGRESSIVE;
				CLANG_WARN_UNREACHABLE_CODE = YES;
				CLANG_WARN__DUPLICATE_METHOD_MATCH = YES;
				COPY_PHASE_STRIP = NO;
				DEBUG_INFORMATION_FORMAT = dwarf;
				ENABLE_STRICT_OBJC_MSGSEND = YES;
				ENABLE_TESTABILITY = YES;
				GCC_C_LANGUAGE_STANDARD = gnu11;
				GCC_DYNAMIC_NO_PIC = NO;
				GCC_NO_COMMON_BLOCKS = YES;
				GCC_OPTIMIZATION_LEVEL = 0;
				GCC_PREPROCESSOR_DEFINITIONS = (
					"DEBUG=1",
					"$(inherited)",
				);
				GCC_WARN_64_TO_32_BIT_CONVERSION = YES;
				GCC_WARN_ABOUT_RETURN_TYPE = YES_ERROR;
				GCC_WARN_UNDECLARED_SELECTOR = YES;
				GCC_WARN_UNINITIALIZED_AUTOS = YES_AGGRESSIVE;
				GCC_WARN_UNUSED_FUNCTION = YES;
				GCC_WARN_UNUSED_VARIABLE = YES;
				IPHONEOS_DEPLOYMENT_TARGET = 15.5;
				MTL_ENABLE_DEBUG_INFO = INCLUDE_SOURCE;
				MTL_FAST_MATH = YES;
				ONLY_ACTIVE_ARCH = YES;
				SDKROOT = iphoneos;
				SWIFT_ACTIVE_COMPILATION_CONDITIONS = DEBUG;
				SWIFT_OPTIMIZATION_LEVEL = "-Onone";
			};
			name = Debug;
		};
		2F164D1A28B946E900B56ACC /* Release */ = {
			isa = XCBuildConfiguration;
			buildSettings = {
				ALWAYS_SEARCH_USER_PATHS = NO;
				CLANG_ANALYZER_NONNULL = YES;
				CLANG_ANALYZER_NUMBER_OBJECT_CONVERSION = YES_AGGRESSIVE;
				CLANG_CXX_LANGUAGE_STANDARD = "gnu++17";
				CLANG_ENABLE_MODULES = YES;
				CLANG_ENABLE_OBJC_ARC = YES;
				CLANG_ENABLE_OBJC_WEAK = YES;
				CLANG_WARN_BLOCK_CAPTURE_AUTORELEASING = YES;
				CLANG_WARN_BOOL_CONVERSION = YES;
				CLANG_WARN_COMMA = YES;
				CLANG_WARN_CONSTANT_CONVERSION = YES;
				CLANG_WARN_DEPRECATED_OBJC_IMPLEMENTATIONS = YES;
				CLANG_WARN_DIRECT_OBJC_ISA_USAGE = YES_ERROR;
				CLANG_WARN_DOCUMENTATION_COMMENTS = YES;
				CLANG_WARN_EMPTY_BODY = YES;
				CLANG_WARN_ENUM_CONVERSION = YES;
				CLANG_WARN_INFINITE_RECURSION = YES;
				CLANG_WARN_INT_CONVERSION = YES;
				CLANG_WARN_NON_LITERAL_NULL_CONVERSION = YES;
				CLANG_WARN_OBJC_IMPLICIT_RETAIN_SELF = YES;
				CLANG_WARN_OBJC_LITERAL_CONVERSION = YES;
				CLANG_WARN_OBJC_ROOT_CLASS = YES_ERROR;
				CLANG_WARN_QUOTED_INCLUDE_IN_FRAMEWORK_HEADER = YES;
				CLANG_WARN_RANGE_LOOP_ANALYSIS = YES;
				CLANG_WARN_STRICT_PROTOTYPES = YES;
				CLANG_WARN_SUSPICIOUS_MOVE = YES;
				CLANG_WARN_UNGUARDED_AVAILABILITY = YES_AGGRESSIVE;
				CLANG_WARN_UNREACHABLE_CODE = YES;
				CLANG_WARN__DUPLICATE_METHOD_MATCH = YES;
				COPY_PHASE_STRIP = NO;
				DEBUG_INFORMATION_FORMAT = "dwarf-with-dsym";
				ENABLE_NS_ASSERTIONS = NO;
				ENABLE_STRICT_OBJC_MSGSEND = YES;
				GCC_C_LANGUAGE_STANDARD = gnu11;
				GCC_NO_COMMON_BLOCKS = YES;
				GCC_WARN_64_TO_32_BIT_CONVERSION = YES;
				GCC_WARN_ABOUT_RETURN_TYPE = YES_ERROR;
				GCC_WARN_UNDECLARED_SELECTOR = YES;
				GCC_WARN_UNINITIALIZED_AUTOS = YES_AGGRESSIVE;
				GCC_WARN_UNUSED_FUNCTION = YES;
				GCC_WARN_UNUSED_VARIABLE = YES;
				IPHONEOS_DEPLOYMENT_TARGET = 15.5;
				MTL_ENABLE_DEBUG_INFO = NO;
				MTL_FAST_MATH = YES;
				SDKROOT = iphoneos;
				SWIFT_COMPILATION_MODE = wholemodule;
				SWIFT_OPTIMIZATION_LEVEL = "-O";
				VALIDATE_PRODUCT = YES;
			};
			name = Release;
		};
		2F164D1C28B946E900B56ACC /* Debug */ = {
			isa = XCBuildConfiguration;
			buildSettings = {
				ASSETCATALOG_COMPILER_APPICON_NAME = AppIcon;
				ASSETCATALOG_COMPILER_GLOBAL_ACCENT_COLOR_NAME = AccentColor;
				CODE_SIGN_STYLE = Automatic;
				CURRENT_PROJECT_VERSION = 1;
				DEVELOPMENT_ASSET_PATHS = "\"ILoveGreece/Preview Content\"";
				DEVELOPMENT_TEAM = FM2ZRB2384;
				ENABLE_PREVIEWS = YES;
				GENERATE_INFOPLIST_FILE = YES;
				INFOPLIST_KEY_UIApplicationSceneManifest_Generation = YES;
				INFOPLIST_KEY_UIApplicationSupportsIndirectInputEvents = YES;
				INFOPLIST_KEY_UILaunchScreen_Generation = YES;
				INFOPLIST_KEY_UISupportedInterfaceOrientations_iPad = "UIInterfaceOrientationPortrait UIInterfaceOrientationPortraitUpsideDown UIInterfaceOrientationLandscapeLeft UIInterfaceOrientationLandscapeRight";
				INFOPLIST_KEY_UISupportedInterfaceOrientations_iPhone = "UIInterfaceOrientationPortrait UIInterfaceOrientationLandscapeLeft UIInterfaceOrientationLandscapeRight";
				LD_RUNPATH_SEARCH_PATHS = (
					"$(inherited)",
					"@executable_path/Frameworks",
				);
				MARKETING_VERSION = 1.0;
				PRODUCT_BUNDLE_IDENTIFIER = com.dusan.ILoveGreece;
				PRODUCT_NAME = "$(TARGET_NAME)";
				SWIFT_EMIT_LOC_STRINGS = YES;
				SWIFT_VERSION = 5.0;
				TARGETED_DEVICE_FAMILY = "1,2";
			};
			name = Debug;
		};
		2F164D1D28B946E900B56ACC /* Release */ = {
			isa = XCBuildConfiguration;
			buildSettings = {
				ASSETCATALOG_COMPILER_APPICON_NAME = AppIcon;
				ASSETCATALOG_COMPILER_GLOBAL_ACCENT_COLOR_NAME = AccentColor;
				CODE_SIGN_STYLE = Automatic;
				CURRENT_PROJECT_VERSION = 1;
				DEVELOPMENT_ASSET_PATHS = "\"ILoveGreece/Preview Content\"";
				DEVELOPMENT_TEAM = FM2ZRB2384;
				ENABLE_PREVIEWS = YES;
				GENERATE_INFOPLIST_FILE = YES;
				INFOPLIST_KEY_UIApplicationSceneManifest_Generation = YES;
				INFOPLIST_KEY_UIApplicationSupportsIndirectInputEvents = YES;
				INFOPLIST_KEY_UILaunchScreen_Generation = YES;
				INFOPLIST_KEY_UISupportedInterfaceOrientations_iPad = "UIInterfaceOrientationPortrait UIInterfaceOrientationPortraitUpsideDown UIInterfaceOrientationLandscapeLeft UIInterfaceOrientationLandscapeRight";
				INFOPLIST_KEY_UISupportedInterfaceOrientations_iPhone = "UIInterfaceOrientationPortrait UIInterfaceOrientationLandscapeLeft UIInterfaceOrientationLandscapeRight";
				LD_RUNPATH_SEARCH_PATHS = (
					"$(inherited)",
					"@executable_path/Frameworks",
				);
				MARKETING_VERSION = 1.0;
				PRODUCT_BUNDLE_IDENTIFIER = com.dusan.ILoveGreece;
				PRODUCT_NAME = "$(TARGET_NAME)";
				SWIFT_EMIT_LOC_STRINGS = YES;
				SWIFT_VERSION = 5.0;
				TARGETED_DEVICE_FAMILY = "1,2";
			};
			name = Release;
		};
/* End XCBuildConfiguration section */

/* Begin XCConfigurationList section */
		2F164D0828B946E600B56ACC /* Build configuration list for PBXProject "ILoveGreece" */ = {
			isa = XCConfigurationList;
			buildConfigurations = (
				2F164D1928B946E900B56ACC /* Debug */,
				2F164D1A28B946E900B56ACC /* Release */,
			);
			defaultConfigurationIsVisible = 0;
			defaultConfigurationName = Release;
		};
		2F164D1B28B946E900B56ACC /* Build configuration list for PBXNativeTarget "ILoveGreece" */ = {
			isa = XCConfigurationList;
			buildConfigurations = (
				2F164D1C28B946E900B56ACC /* Debug */,
				2F164D1D28B946E900B56ACC /* Release */,
			);
			defaultConfigurationIsVisible = 0;
			defaultConfigurationName = Release;
		};
/* End XCConfigurationList section */
	};
	rootObject = 2F164D0528B946E600B56ACC /* Project object */;
}
